
Microsoft Visual Studio Solution File, Format Version 12.00
# Visual Studio Version 17
VisualStudioVersion = 17.6.33723.286
MinimumVisualStudioVersion = 10.0.40219.1
Project("{9A19103F-16F7-4668-BE54-9A1E7A4F7556}") = "ReparationCenter.Shared", "ReparationCenter.Shared\ReparationCenter.Shared.csproj", "{69466B07-5193-4143-BB2A-4DF488C50B3B}"
EndProject
Project("{9A19103F-16F7-4668-BE54-9A1E7A4F7556}") = "ReparationCenter.BackEnd", "ReparationCenter.BackEnd\ReparationCenter.BackEnd.csproj", "{81D70472-202F-46F9-AC72-B9567406A604}"
EndProject
Project("{9A19103F-16F7-4668-BE54-9A1E7A4F7556}") = "ReparationCenter.FrontEnd", "ReparationCenter.FrontEnd\ReparationCenter.FrontEnd.csproj", "{2A98FBF4-8D8C-4D1E-A4C5-8837B59770DA}"
EndProject
Global
	GlobalSection(SolutionConfigurationPlatforms) = preSolution
		Debug|Any CPU = Debug|Any CPU
		Release|Any CPU = Release|Any CPU
	EndGlobalSection
	GlobalSection(ProjectConfigurationPlatforms) = postSolution
		{69466B07-5193-4143-BB2A-4DF488C50B3B}.Debug|Any CPU.ActiveCfg = Debug|Any CPU
		{69466B07-5193-4143-BB2A-4DF488C50B3B}.Debug|Any CPU.Build.0 = Debug|Any CPU
		{69466B07-5193-4143-BB2A-4DF488C50B3B}.Release|Any CPU.ActiveCfg = Release|Any CPU
		{69466B07-5193-4143-BB2A-4DF488C50B3B}.Release|Any CPU.Build.0 = Release|Any CPU
		{81D70472-202F-46F9-AC72-B9567406A604}.Debug|Any CPU.ActiveCfg = Debug|Any CPU
		{81D70472-202F-46F9-AC72-B9567406A604}.Debug|Any CPU.Build.0 = Debug|Any CPU
		{81D70472-202F-46F9-AC72-B9567406A604}.Release|Any CPU.ActiveCfg = Release|Any CPU
		{81D70472-202F-46F9-AC72-B9567406A604}.Release|Any CPU.Build.0 = Release|Any CPU
		{2A98FBF4-8D8C-4D1E-A4C5-8837B59770DA}.Debug|Any CPU.ActiveCfg = Debug|Any CPU
		{2A98FBF4-8D8C-4D1E-A4C5-8837B59770DA}.Debug|Any CPU.Build.0 = Debug|Any CPU
		{2A98FBF4-8D8C-4D1E-A4C5-8837B59770DA}.Release|Any CPU.ActiveCfg = Release|Any CPU
		{2A98FBF4-8D8C-4D1E-A4C5-8837B59770DA}.Release|Any CPU.Build.0 = Release|Any CPU
	EndGlobalSection
	GlobalSection(SolutionProperties) = preSolution
		HideSolutionNode = FALSE
	EndGlobalSection
	GlobalSection(ExtensibilityGlobals) = postSolution
		SolutionGuid = {B5102FA3-7754-41ED-AAA2-71E4CB4C916A}
	EndGlobalSection
EndGlobal
